// !$*UTF8*$!
{
	archiveVersion = 1;
	classes = {
	};
	objectVersion = 50;
	objects = {

/* Begin PBXBuildFile section */
		ED884D87240A8C8400095134 /* ViewController.m in Sources */ = {isa = PBXBuildFile; fileRef = ED884D86240A8C8400095134 /* ViewController.m */; };
		ED884DA2240A91B100095134 /* LaunchScreen.storyboard in Resources */ = {isa = PBXBuildFile; fileRef = ED884D9C240A91B100095134 /* LaunchScreen.storyboard */; };
		ED884DA3240A91B100095134 /* main.m in Sources */ = {isa = PBXBuildFile; fileRef = ED884D9E240A91B100095134 /* main.m */; };
		ED884DA4240A91B100095134 /* AppDelegate.m in Sources */ = {isa = PBXBuildFile; fileRef = ED884D9F240A91B100095134 /* AppDelegate.m */; };
		ED884DA6240A924200095134 /* Assets.xcassets in Resources */ = {isa = PBXBuildFile; fileRef = ED884D9B240A91B100095134 /* Assets.xcassets */; };
		ED884DA7240A927B00095134 /* Main.storyboard in Resources */ = {isa = PBXBuildFile; fileRef = ED884D88240A8C8400095134 /* Main.storyboard */; };
		EDE1D206240A9896009CFA60 /* StudentCell.m in Sources */ = {isa = PBXBuildFile; fileRef = EDE1D205240A9896009CFA60 /* StudentCell.m */; };
/* End PBXBuildFile section */

/* Begin PBXFileReference section */
		ED884D7C240A8C8400095134 /* StudentsBrowser.app */ = {isa = PBXFileReference; explicitFileType = wrapper.application; includeInIndex = 0; path = StudentsBrowser.app; sourceTree = BUILT_PRODUCTS_DIR; };
		ED884D85240A8C8400095134 /* ViewController.h */ = {isa = PBXFileReference; lastKnownFileType = sourcecode.c.h; path = ViewController.h; sourceTree = "<group>"; };
		ED884D86240A8C8400095134 /* ViewController.m */ = {isa = PBXFileReference; lastKnownFileType = sourcecode.c.objc; path = ViewController.m; sourceTree = "<group>"; };
		ED884D89240A8C8400095134 /* Base */ = {isa = PBXFileReference; lastKnownFileType = file.storyboard; name = Base; path = Base.lproj/Main.storyboard; sourceTree = "<group>"; };
		ED884D9A240A91B100095134 /* AppDelegate.h */ = {isa = PBXFileReference; fileEncoding = 4; lastKnownFileType = sourcecode.c.h; path = AppDelegate.h; sourceTree = "<group>"; };
		ED884D9B240A91B100095134 /* Assets.xcassets */ = {isa = PBXFileReference; lastKnownFileType = folder.assetcatalog; path = Assets.xcassets; sourceTree = "<group>"; };
		ED884D9D240A91B100095134 /* Base */ = {isa = PBXFileReference; lastKnownFileType = file.storyboard; name = Base; path = Base.lproj/LaunchScreen.storyboard; sourceTree = "<group>"; };
		ED884D9E240A91B100095134 /* main.m */ = {isa = PBXFileReference; fileEncoding = 4; lastKnownFileType = sourcecode.c.objc; path = main.m; sourceTree = "<group>"; };
		ED884D9F240A91B100095134 /* AppDelegate.m */ = {isa = PBXFileReference; fileEncoding = 4; lastKnownFileType = sourcecode.c.objc; path = AppDelegate.m; sourceTree = "<group>"; };
		ED884DA0240A91B100095134 /* Info.plist */ = {isa = PBXFileReference; fileEncoding = 4; lastKnownFileType = text.plist.xml; path = Info.plist; sourceTree = "<group>"; };
		EDE1D204240A9896009CFA60 /* StudentCell.h */ = {isa = PBXFileReference; lastKnownFileType = sourcecode.c.h; path = StudentCell.h; sourceTree = "<group>"; };
		EDE1D205240A9896009CFA60 /* StudentCell.m */ = {isa = PBXFileReference; lastKnownFileType = sourcecode.c.objc; path = StudentCell.m; sourceTree = "<group>"; };
/* End PBXFileReference section */

/* Begin PBXFrameworksBuildPhase section */
		ED884D79240A8C8400095134 /* Frameworks */ = {
			isa = PBXFrameworksBuildPhase;
			buildActionMask = 2147483647;
			files = (
			);
			runOnlyForDeploymentPostprocessing = 0;
		};
/* End PBXFrameworksBuildPhase section */

/* Begin PBXGroup section */
		ED884D73240A8C8400095134 = {
			isa = PBXGroup;
			children = (
				ED884D7E240A8C8400095134 /* StudentsBrowser */,
				ED884D7D240A8C8400095134 /* Products */,
			);
			sourceTree = "<group>";
		};
		ED884D7D240A8C8400095134 /* Products */ = {
			isa = PBXGroup;
			children = (
				ED884D7C240A8C8400095134 /* StudentsBrowser.app */,
			);
			name = Products;
			sourceTree = "<group>";
		};
		ED884D7E240A8C8400095134 /* StudentsBrowser */ = {
			isa = PBXGroup;
			children = (
				ED884D99240A91B100095134 /* Supporting files */,
				ED884DA8240A972700095134 /* Views */,
				ED884DA9240A973500095134 /* Controllers */,
			);
			path = StudentsBrowser;
			sourceTree = "<group>";
		};
		ED884D99240A91B100095134 /* Supporting files */ = {
			isa = PBXGroup;
			children = (
				ED884D9A240A91B100095134 /* AppDelegate.h */,
				ED884D9F240A91B100095134 /* AppDelegate.m */,
				ED884D9B240A91B100095134 /* Assets.xcassets */,
				ED884D9C240A91B100095134 /* LaunchScreen.storyboard */,
				ED884D9E240A91B100095134 /* main.m */,
				ED884DA0240A91B100095134 /* Info.plist */,
			);
			path = "Supporting files";
			sourceTree = "<group>";
		};
		ED884DA8240A972700095134 /* Views */ = {
			isa = PBXGroup;
			children = (
				ED884D88240A8C8400095134 /* Main.storyboard */,
				EDE1D204240A9896009CFA60 /* StudentCell.h */,
				EDE1D205240A9896009CFA60 /* StudentCell.m */,
			);
			path = Views;
			sourceTree = "<group>";
		};
		ED884DA9240A973500095134 /* Controllers */ = {
			isa = PBXGroup;
			children = (
				ED884D85240A8C8400095134 /* ViewController.h */,
				ED884D86240A8C8400095134 /* ViewController.m */,
			);
			path = Controllers;
			sourceTree = "<group>";
		};
/* End PBXGroup section */

/* Begin PBXNativeTarget section */
		ED884D7B240A8C8400095134 /* StudentsBrowser */ = {
			isa = PBXNativeTarget;
			buildConfigurationList = ED884D95240A8C8600095134 /* Build configuration list for PBXNativeTarget "StudentsBrowser" */;
			buildPhases = (
				ED884D78240A8C8400095134 /* Sources */,
				ED884D79240A8C8400095134 /* Frameworks */,
				ED884D7A240A8C8400095134 /* Resources */,
			);
			buildRules = (
			);
			dependencies = (
			);
			name = StudentsBrowser;
			productName = StudentsBrowser;
			productReference = ED884D7C240A8C8400095134 /* StudentsBrowser.app */;
			productType = "com.apple.product-type.application";
		};
/* End PBXNativeTarget section */

/* Begin PBXProject section */
		ED884D74240A8C8400095134 /* Project object */ = {
			isa = PBXProject;
			attributes = {
				LastUpgradeCheck = 1130;
				ORGANIZATIONNAME = digitalby;
				TargetAttributes = {
					ED884D7B240A8C8400095134 = {
						CreatedOnToolsVersion = 11.3.1;
					};
				};
			};
			buildConfigurationList = ED884D77240A8C8400095134 /* Build configuration list for PBXProject "StudentsBrowser" */;
			compatibilityVersion = "Xcode 9.3";
			developmentRegion = en;
			hasScannedForEncodings = 0;
			knownRegions = (
				en,
				Base,
			);
			mainGroup = ED884D73240A8C8400095134;
			productRefGroup = ED884D7D240A8C8400095134 /* Products */;
			projectDirPath = "";
			projectRoot = "";
			targets = (
				ED884D7B240A8C8400095134 /* StudentsBrowser */,
			);
		};
/* End PBXProject section */

/* Begin PBXResourcesBuildPhase section */
		ED884D7A240A8C8400095134 /* Resources */ = {
			isa = PBXResourcesBuildPhase;
			buildActionMask = 2147483647;
			files = (
				ED884DA2240A91B100095134 /* LaunchScreen.storyboard in Resources */,
				ED884DA6240A924200095134 /* Assets.xcassets in Resources */,
				ED884DA7240A927B00095134 /* Main.storyboard in Resources */,
			);
			runOnlyForDeploymentPostprocessing = 0;
		};
/* End PBXResourcesBuildPhase section */

/* Begin PBXSourcesBuildPhase section */
		ED884D78240A8C8400095134 /* Sources */ = {
			isa = PBXSourcesBuildPhase;
			buildActionMask = 2147483647;
			files = (
				ED884D87240A8C8400095134 /* ViewController.m in Sources */,
				ED884DA3240A91B100095134 /* main.m in Sources */,
				ED884DA4240A91B100095134 /* AppDelegate.m in Sources */,
				EDE1D206240A9896009CFA60 /* StudentCell.m in Sources */,
			);
			runOnlyForDeploymentPostprocessing = 0;
		};
/* End PBXSourcesBuildPhase section */

/* Begin PBXVariantGroup section */
		ED884D88240A8C8400095134 /* Main.storyboard */ = {
			isa = PBXVariantGroup;
			children = (
				ED884D89240A8C8400095134 /* Base */,
			);
			name = Main.storyboard;
			sourceTree = "<group>";
		};
		ED884D9C240A91B100095134 /* LaunchScreen.storyboard */ = {
			isa = PBXVariantGroup;
			children = (
				ED884D9D240A91B100095134 /* Base */,
			);
			name = LaunchScreen.storyboard;
			sourceTree = "<group>";
		};
/* End PBXVariantGroup section */

/* Begin XCBuildConfiguration section */
		ED884D93240A8C8600095134 /* Debug */ = {
			isa = XCBuildConfiguration;
			buildSettings = {
				ALWAYS_SEARCH_USER_PATHS = NO;
				ASSETCATALOG_COMPILER_LAUNCHIMAGE_NAME = "";
				CLANG_ANALYZER_NONNULL = YES;
				CLANG_ANALYZER_NUMBER_OBJECT_CONVERSION = YES_AGGRESSIVE;
				CLANG_CXX_LANGUAGE_STANDARD = "gnu++14";
				CLANG_CXX_LIBRARY = "libc++";
				CLANG_ENABLE_MODULES = YES;
				CLANG_ENABLE_OBJC_ARC = YES;
				CLANG_ENABLE_OBJC_WEAK = YES;
				CLANG_WARN_BLOCK_CAPTURE_AUTORELEASING = YES;
				CLANG_WARN_BOOL_CONVERSION = YES;
				CLANG_WARN_COMMA = YES;
				CLANG_WARN_CONSTANT_CONVERSION = YES;
				CLANG_WARN_DEPRECATED_OBJC_IMPLEMENTATIONS = YES;
				CLANG_WARN_DIRECT_OBJC_ISA_USAGE = YES_ERROR;
				CLANG_WARN_DOCUMENTATION_COMMENTS = YES;
				CLANG_WARN_EMPTY_BODY = YES;
				CLANG_WARN_ENUM_CONVERSION = YES;
				CLANG_WARN_INFINITE_RECURSION = YES;
				CLANG_WARN_INT_CONVERSION = YES;
				CLANG_WARN_NON_LITERAL_NULL_CONVERSION = YES;
				CLANG_WARN_OBJC_IMPLICIT_RETAIN_SELF = YES;
				CLANG_WARN_OBJC_LITERAL_CONVERSION = YES;
				CLANG_WARN_OBJC_ROOT_CLASS = YES_ERROR;
				CLANG_WARN_RANGE_LOOP_ANALYSIS = YES;
				CLANG_WARN_STRICT_PROTOTYPES = YES;
				CLANG_WARN_SUSPICIOUS_MOVE = YES;
				CLANG_WARN_UNGUARDED_AVAILABILITY = YES_AGGRESSIVE;
				CLANG_WARN_UNREACHABLE_CODE = YES;
				CLANG_WARN__DUPLICATE_METHOD_MATCH = YES;
				COPY_PHASE_STRIP = NO;
				DEBUG_INFORMATION_FORMAT = dwarf;
				ENABLE_STRICT_OBJC_MSGSEND = YES;
				ENABLE_TESTABILITY = YES;
				GCC_C_LANGUAGE_STANDARD = gnu11;
				GCC_DYNAMIC_NO_PIC = NO;
				GCC_NO_COMMON_BLOCKS = YES;
				GCC_OPTIMIZATION_LEVEL = 0;
				GCC_PREPROCESSOR_DEFINITIONS = (
					"DEBUG=1",
					"$(inherited)",
				);
				GCC_WARN_64_TO_32_BIT_CONVERSION = YES;
				GCC_WARN_ABOUT_RETURN_TYPE = YES_ERROR;
				GCC_WARN_UNDECLARED_SELECTOR = YES;
				GCC_WARN_UNINITIALIZED_AUTOS = YES_AGGRESSIVE;
				GCC_WARN_UNUSED_FUNCTION = YES;
				GCC_WARN_UNUSED_VARIABLE = YES;
				INFOPLIST_FILE = "";
				IPHONEOS_DEPLOYMENT_TARGET = 13.2;
				MTL_ENABLE_DEBUG_INFO = INCLUDE_SOURCE;
				MTL_FAST_MATH = YES;
				ONLY_ACTIVE_ARCH = YES;
				SDKROOT = iphoneos;
			};
			name = Debug;
		};
		ED884D94240A8C8600095134 /* Release */ = {
			isa = XCBuildConfiguration;
			buildSettings = {
				ALWAYS_SEARCH_USER_PATHS = NO;
				ASSETCATALOG_COMPILER_LAUNCHIMAGE_NAME = "";
				CLANG_ANALYZER_NONNULL = YES;
				CLANG_ANALYZER_NUMBER_OBJECT_CONVERSION = YES_AGGRESSIVE;
				CLANG_CXX_LANGUAGE_STANDARD = "gnu++14";
				CLANG_CXX_LIBRARY = "libc++";
				CLANG_ENABLE_MODULES = YES;
				CLANG_ENABLE_OBJC_ARC = YES;
				CLANG_ENABLE_OBJC_WEAK = YES;
				CLANG_WARN_BLOCK_CAPTURE_AUTORELEASING = YES;
				CLANG_WARN_BOOL_CONVERSION = YES;
				CLANG_WARN_COMMA = YES;
				CLANG_WARN_CONSTANT_CONVERSION = YES;
				CLANG_WARN_DEPRECATED_OBJC_IMPLEMENTATIONS = YES;
				CLANG_WARN_DIRECT_OBJC_ISA_USAGE = YES_ERROR;
				CLANG_WARN_DOCUMENTATION_COMMENTS = YES;
				CLANG_WARN_EMPTY_BODY = YES;
				CLANG_WARN_ENUM_CONVERSION = YES;
				CLANG_WARN_INFINITE_RECURSION = YES;
				CLANG_WARN_INT_CONVERSION = YES;
				CLANG_WARN_NON_LITERAL_NULL_CONVERSION = YES;
				CLANG_WARN_OBJC_IMPLICIT_RETAIN_SELF = YES;
				CLANG_WARN_OBJC_LITERAL_CONVERSION = YES;
				CLANG_WARN_OBJC_ROOT_CLASS = YES_ERROR;
				CLANG_WARN_RANGE_LOOP_ANALYSIS = YES;
				CLANG_WARN_STRICT_PROTOTYPES = YES;
				CLANG_WARN_SUSPICIOUS_MOVE = YES;
				CLANG_WARN_UNGUARDED_AVAILABILITY = YES_AGGRESSIVE;
				CLANG_WARN_UNREACHABLE_CODE = YES;
				CLANG_WARN__DUPLICATE_METHOD_MATCH = YES;
				COPY_PHASE_STRIP = NO;
				DEBUG_INFORMATION_FORMAT = "dwarf-with-dsym";
				ENABLE_NS_ASSERTIONS = NO;
				ENABLE_STRICT_OBJC_MSGSEND = YES;
				GCC_C_LANGUAGE_STANDARD = gnu11;
				GCC_NO_COMMON_BLOCKS = YES;
				GCC_WARN_64_TO_32_BIT_CONVERSION = YES;
				GCC_WARN_ABOUT_RETURN_TYPE = YES_ERROR;
				GCC_WARN_UNDECLARED_SELECTOR = YES;
				GCC_WARN_UNINITIALIZED_AUTOS = YES_AGGRESSIVE;
				GCC_WARN_UNUSED_FUNCTION = YES;
				GCC_WARN_UNUSED_VARIABLE = YES;
				INFOPLIST_FILE = "";
				IPHONEOS_DEPLOYMENT_TARGET = 13.2;
				MTL_ENABLE_DEBUG_INFO = NO;
				MTL_FAST_MATH = YES;
				SDKROOT = iphoneos;
				VALIDATE_PRODUCT = YES;
			};
			name = Release;
		};
		ED884D96240A8C8600095134 /* Debug */ = {
			isa = XCBuildConfiguration;
			buildSettings = {
				ASSETCATALOG_COMPILER_APPICON_NAME = AppIcon;
				ASSETCATALOG_COMPILER_LAUNCHIMAGE_NAME = "";
				CODE_SIGN_STYLE = Automatic;
				INFOPLIST_FILE = "StudentsBrowser/Supporting files/Info.plist";
				LD_RUNPATH_SEARCH_PATHS = (
					"$(inherited)",
					"@executable_path/Frameworks",
				);
				PRODUCT_BUNDLE_IDENTIFIER = me.digitalby.StudentsBrowser;
				PRODUCT_NAME = "$(TARGET_NAME)";
				TARGETED_DEVICE_FAMILY = "1,2";
			};
			name = Debug;
		};
		ED884D97240A8C8600095134 /* Release */ = {
			isa = XCBuildConfiguration;
			buildSettings = {
				ASSETCATALOG_COMPILER_APPICON_NAME = AppIcon;
				ASSETCATALOG_COMPILER_LAUNCHIMAGE_NAME = "";
				CODE_SIGN_STYLE = Automatic;
				INFOPLIST_FILE = "StudentsBrowser/Supporting files/Info.plist";
				LD_RUNPATH_SEARCH_PATHS = (
					"$(inherited)",
					"@executable_path/Frameworks",
				);
				PRODUCT_BUNDLE_IDENTIFIER = me.digitalby.StudentsBrowser;
				PRODUCT_NAME = "$(TARGET_NAME)";
				TARGETED_DEVICE_FAMILY = "1,2";
			};
			name = Release;
		};
/* End XCBuildConfiguration section */

/* Begin XCConfigurationList section */
		ED884D77240A8C8400095134 /* Build configuration list for PBXProject "StudentsBrowser" */ = {
			isa = XCConfigurationList;
			buildConfigurations = (
				ED884D93240A8C8600095134 /* Debug */,
				ED884D94240A8C8600095134 /* Release */,
			);
			defaultConfigurationIsVisible = 0;
			defaultConfigurationName = Release;
		};
		ED884D95240A8C8600095134 /* Build configuration list for PBXNativeTarget "StudentsBrowser" */ = {
			isa = XCConfigurationList;
			buildConfigurations = (
				ED884D96240A8C8600095134 /* Debug */,
				ED884D97240A8C8600095134 /* Release */,
			);
			defaultConfigurationIsVisible = 0;
			defaultConfigurationName = Release;
		};
/* End XCConfigurationList section */
	};
	rootObject = ED884D74240A8C8400095134 /* Project object */;
}
