// !$*UTF8*$!
{
	archiveVersion = 1;
	classes = {
	};
	objectVersion = 50;
	objects = {

/* Begin PBXBuildFile section */
		ED5604D12414332A00E00971 /* MainTableViewHelper.m in Sources */ = {isa = PBXBuildFile; fileRef = ED5604D02414332A00E00971 /* MainTableViewHelper.m */; };
		ED58201C2414F2100001FDC8 /* ThumbnailDownloader.m in Sources */ = {isa = PBXBuildFile; fileRef = ED58201B2414F2100001FDC8 /* ThumbnailDownloader.m */; };
		ED5820202414F2790001FDC8 /* Downloader.m in Sources */ = {isa = PBXBuildFile; fileRef = ED58201F2414F2790001FDC8 /* Downloader.m */; };
		ED582023241596530001FDC8 /* NSError+MakeUserInfo.m in Sources */ = {isa = PBXBuildFile; fileRef = ED582022241596530001FDC8 /* NSError+MakeUserInfo.m */; };
		ED58202D2416C9840001FDC8 /* MainViewController.storyboard in Resources */ = {isa = PBXBuildFile; fileRef = ED58202C2416C9840001FDC8 /* MainViewController.storyboard */; };
		ED5820342416CAE30001FDC8 /* PersonViewController.m in Sources */ = {isa = PBXBuildFile; fileRef = ED5820332416CAE30001FDC8 /* PersonViewController.m */; };
		ED5820362416CC4A0001FDC8 /* PersonViewController.storyboard in Resources */ = {isa = PBXBuildFile; fileRef = ED5820352416CC4A0001FDC8 /* PersonViewController.storyboard */; };
		ED58203D24182E700001FDC8 /* NSIndexPath+Flatten.m in Sources */ = {isa = PBXBuildFile; fileRef = ED58203C24182E700001FDC8 /* NSIndexPath+Flatten.m */; };
		ED582040241834820001FDC8 /* PersonSetupHelper.m in Sources */ = {isa = PBXBuildFile; fileRef = ED58203F241834820001FDC8 /* PersonSetupHelper.m */; };
		ED5820432418386D0001FDC8 /* MainDataHelper.m in Sources */ = {isa = PBXBuildFile; fileRef = ED5820422418386D0001FDC8 /* MainDataHelper.m */; };
		ED582046241841550001FDC8 /* MainSearchHelper.m in Sources */ = {isa = PBXBuildFile; fileRef = ED582045241841550001FDC8 /* MainSearchHelper.m */; };
		ED884D87240A8C8400095134 /* MainViewController.m in Sources */ = {isa = PBXBuildFile; fileRef = ED884D86240A8C8400095134 /* MainViewController.m */; };
		ED884DA2240A91B100095134 /* LaunchScreen.storyboard in Resources */ = {isa = PBXBuildFile; fileRef = ED884D9C240A91B100095134 /* LaunchScreen.storyboard */; };
		ED884DA3240A91B100095134 /* main.m in Sources */ = {isa = PBXBuildFile; fileRef = ED884D9E240A91B100095134 /* main.m */; };
		ED884DA4240A91B100095134 /* AppDelegate.m in Sources */ = {isa = PBXBuildFile; fileRef = ED884D9F240A91B100095134 /* AppDelegate.m */; };
		ED884DA6240A924200095134 /* Assets.xcassets in Resources */ = {isa = PBXBuildFile; fileRef = ED884D9B240A91B100095134 /* Assets.xcassets */; };
		ED884DA7240A927B00095134 /* Entry.storyboard in Resources */ = {isa = PBXBuildFile; fileRef = ED884D88240A8C8400095134 /* Entry.storyboard */; };
		EDD70574241279880015EE32 /* JSONDownloader.m in Sources */ = {isa = PBXBuildFile; fileRef = EDD70573241279880015EE32 /* JSONDownloader.m */; };
		EDD7057724127F990015EE32 /* NetworkError.m in Sources */ = {isa = PBXBuildFile; fileRef = EDD7057624127F990015EE32 /* NetworkError.m */; };
		EDD7057A241287230015EE32 /* Person.m in Sources */ = {isa = PBXBuildFile; fileRef = EDD70579241287230015EE32 /* Person.m */; };
		EDD7058024128AE20015EE32 /* FullName.m in Sources */ = {isa = PBXBuildFile; fileRef = EDD7057F24128AE20015EE32 /* FullName.m */; };
		EDD7058324128D3E0015EE32 /* Login.m in Sources */ = {isa = PBXBuildFile; fileRef = EDD7058224128D3E0015EE32 /* Login.m */; };
		EDD7058624128DB90015EE32 /* Picture.m in Sources */ = {isa = PBXBuildFile; fileRef = EDD7058524128DB90015EE32 /* Picture.m */; };
		EDD7058924128E540015EE32 /* Location.m in Sources */ = {isa = PBXBuildFile; fileRef = EDD7058824128E540015EE32 /* Location.m */; };
		EDD7058C2412BBD50015EE32 /* JSONParser.m in Sources */ = {isa = PBXBuildFile; fileRef = EDD7058B2412BBD50015EE32 /* JSONParser.m */; };
		EDD7059024142F060015EE32 /* NSURL+Query.m in Sources */ = {isa = PBXBuildFile; fileRef = EDD7058F24142F060015EE32 /* NSURL+Query.m */; };
		EDE1D206240A9896009CFA60 /* StudentCell.m in Sources */ = {isa = PBXBuildFile; fileRef = EDE1D205240A9896009CFA60 /* StudentCell.m */; };
/* End PBXBuildFile section */

/* Begin PBXFileReference section */
		ED5604CF2414332A00E00971 /* MainTableViewHelper.h */ = {isa = PBXFileReference; lastKnownFileType = sourcecode.c.h; path = MainTableViewHelper.h; sourceTree = "<group>"; };
		ED5604D02414332A00E00971 /* MainTableViewHelper.m */ = {isa = PBXFileReference; lastKnownFileType = sourcecode.c.objc; path = MainTableViewHelper.m; sourceTree = "<group>"; };
		ED5604D42414337400E00971 /* ViewControllerHelper.h */ = {isa = PBXFileReference; lastKnownFileType = sourcecode.c.h; path = ViewControllerHelper.h; sourceTree = "<group>"; };
		ED58201A2414F2100001FDC8 /* ThumbnailDownloader.h */ = {isa = PBXFileReference; lastKnownFileType = sourcecode.c.h; path = ThumbnailDownloader.h; sourceTree = "<group>"; };
		ED58201B2414F2100001FDC8 /* ThumbnailDownloader.m */ = {isa = PBXFileReference; lastKnownFileType = sourcecode.c.objc; path = ThumbnailDownloader.m; sourceTree = "<group>"; };
		ED58201E2414F2790001FDC8 /* Downloader.h */ = {isa = PBXFileReference; lastKnownFileType = sourcecode.c.h; path = Downloader.h; sourceTree = "<group>"; };
		ED58201F2414F2790001FDC8 /* Downloader.m */ = {isa = PBXFileReference; lastKnownFileType = sourcecode.c.objc; path = Downloader.m; sourceTree = "<group>"; };
		ED582021241596530001FDC8 /* NSError+MakeUserInfo.h */ = {isa = PBXFileReference; lastKnownFileType = sourcecode.c.h; path = "NSError+MakeUserInfo.h"; sourceTree = "<group>"; };
		ED582022241596530001FDC8 /* NSError+MakeUserInfo.m */ = {isa = PBXFileReference; lastKnownFileType = sourcecode.c.objc; path = "NSError+MakeUserInfo.m"; sourceTree = "<group>"; };
		ED58202C2416C9840001FDC8 /* MainViewController.storyboard */ = {isa = PBXFileReference; fileEncoding = 4; lastKnownFileType = file.storyboard; path = MainViewController.storyboard; sourceTree = "<group>"; };
		ED5820322416CAE30001FDC8 /* PersonViewController.h */ = {isa = PBXFileReference; lastKnownFileType = sourcecode.c.h; path = PersonViewController.h; sourceTree = "<group>"; };
		ED5820332416CAE30001FDC8 /* PersonViewController.m */ = {isa = PBXFileReference; lastKnownFileType = sourcecode.c.objc; path = PersonViewController.m; sourceTree = "<group>"; };
		ED5820352416CC4A0001FDC8 /* PersonViewController.storyboard */ = {isa = PBXFileReference; fileEncoding = 4; lastKnownFileType = file.storyboard; path = PersonViewController.storyboard; sourceTree = "<group>"; };
		ED58203B24182E700001FDC8 /* NSIndexPath+Flatten.h */ = {isa = PBXFileReference; lastKnownFileType = sourcecode.c.h; path = "NSIndexPath+Flatten.h"; sourceTree = "<group>"; };
		ED58203C24182E700001FDC8 /* NSIndexPath+Flatten.m */ = {isa = PBXFileReference; lastKnownFileType = sourcecode.c.objc; path = "NSIndexPath+Flatten.m"; sourceTree = "<group>"; };
		ED58203E241834820001FDC8 /* PersonSetupHelper.h */ = {isa = PBXFileReference; lastKnownFileType = sourcecode.c.h; path = PersonSetupHelper.h; sourceTree = "<group>"; };
		ED58203F241834820001FDC8 /* PersonSetupHelper.m */ = {isa = PBXFileReference; lastKnownFileType = sourcecode.c.objc; path = PersonSetupHelper.m; sourceTree = "<group>"; };
		ED5820412418386D0001FDC8 /* MainDataHelper.h */ = {isa = PBXFileReference; lastKnownFileType = sourcecode.c.h; path = MainDataHelper.h; sourceTree = "<group>"; };
		ED5820422418386D0001FDC8 /* MainDataHelper.m */ = {isa = PBXFileReference; lastKnownFileType = sourcecode.c.objc; path = MainDataHelper.m; sourceTree = "<group>"; };
		ED582044241841550001FDC8 /* MainSearchHelper.h */ = {isa = PBXFileReference; lastKnownFileType = sourcecode.c.h; path = MainSearchHelper.h; sourceTree = "<group>"; };
		ED582045241841550001FDC8 /* MainSearchHelper.m */ = {isa = PBXFileReference; lastKnownFileType = sourcecode.c.objc; path = MainSearchHelper.m; sourceTree = "<group>"; };
		ED884D7C240A8C8400095134 /* StudentsBrowser.app */ = {isa = PBXFileReference; explicitFileType = wrapper.application; includeInIndex = 0; path = StudentsBrowser.app; sourceTree = BUILT_PRODUCTS_DIR; };
		ED884D85240A8C8400095134 /* MainViewController.h */ = {isa = PBXFileReference; lastKnownFileType = sourcecode.c.h; path = MainViewController.h; sourceTree = "<group>"; };
		ED884D86240A8C8400095134 /* MainViewController.m */ = {isa = PBXFileReference; lastKnownFileType = sourcecode.c.objc; path = MainViewController.m; sourceTree = "<group>"; };
		ED884D89240A8C8400095134 /* Base */ = {isa = PBXFileReference; lastKnownFileType = file.storyboard; name = Base; path = Base.lproj/Entry.storyboard; sourceTree = "<group>"; };
		ED884D9A240A91B100095134 /* AppDelegate.h */ = {isa = PBXFileReference; fileEncoding = 4; lastKnownFileType = sourcecode.c.h; path = AppDelegate.h; sourceTree = "<group>"; };
		ED884D9B240A91B100095134 /* Assets.xcassets */ = {isa = PBXFileReference; lastKnownFileType = folder.assetcatalog; path = Assets.xcassets; sourceTree = "<group>"; };
		ED884D9D240A91B100095134 /* Base */ = {isa = PBXFileReference; lastKnownFileType = file.storyboard; name = Base; path = Base.lproj/LaunchScreen.storyboard; sourceTree = "<group>"; };
		ED884D9E240A91B100095134 /* main.m */ = {isa = PBXFileReference; fileEncoding = 4; lastKnownFileType = sourcecode.c.objc; path = main.m; sourceTree = "<group>"; };
		ED884D9F240A91B100095134 /* AppDelegate.m */ = {isa = PBXFileReference; fileEncoding = 4; lastKnownFileType = sourcecode.c.objc; path = AppDelegate.m; sourceTree = "<group>"; };
		ED884DA0240A91B100095134 /* Info.plist */ = {isa = PBXFileReference; fileEncoding = 4; lastKnownFileType = text.plist.xml; path = Info.plist; sourceTree = "<group>"; };
		EDD70572241279880015EE32 /* JSONDownloader.h */ = {isa = PBXFileReference; lastKnownFileType = sourcecode.c.h; path = JSONDownloader.h; sourceTree = "<group>"; };
		EDD70573241279880015EE32 /* JSONDownloader.m */ = {isa = PBXFileReference; lastKnownFileType = sourcecode.c.objc; path = JSONDownloader.m; sourceTree = "<group>"; };
		EDD7057524127F990015EE32 /* NetworkError.h */ = {isa = PBXFileReference; lastKnownFileType = sourcecode.c.h; path = NetworkError.h; sourceTree = "<group>"; };
		EDD7057624127F990015EE32 /* NetworkError.m */ = {isa = PBXFileReference; lastKnownFileType = sourcecode.c.objc; path = NetworkError.m; sourceTree = "<group>"; };
		EDD70578241287230015EE32 /* Person.h */ = {isa = PBXFileReference; lastKnownFileType = sourcecode.c.h; path = Person.h; sourceTree = "<group>"; };
		EDD70579241287230015EE32 /* Person.m */ = {isa = PBXFileReference; lastKnownFileType = sourcecode.c.objc; path = Person.m; sourceTree = "<group>"; };
		EDD7057B241288C70015EE32 /* Gender.h */ = {isa = PBXFileReference; lastKnownFileType = sourcecode.c.h; path = Gender.h; sourceTree = "<group>"; };
		EDD7057E24128AE20015EE32 /* FullName.h */ = {isa = PBXFileReference; lastKnownFileType = sourcecode.c.h; path = FullName.h; sourceTree = "<group>"; };
		EDD7057F24128AE20015EE32 /* FullName.m */ = {isa = PBXFileReference; lastKnownFileType = sourcecode.c.objc; path = FullName.m; sourceTree = "<group>"; };
		EDD7058124128D3E0015EE32 /* Login.h */ = {isa = PBXFileReference; lastKnownFileType = sourcecode.c.h; path = Login.h; sourceTree = "<group>"; };
		EDD7058224128D3E0015EE32 /* Login.m */ = {isa = PBXFileReference; lastKnownFileType = sourcecode.c.objc; path = Login.m; sourceTree = "<group>"; };
		EDD7058424128DB90015EE32 /* Picture.h */ = {isa = PBXFileReference; lastKnownFileType = sourcecode.c.h; path = Picture.h; sourceTree = "<group>"; };
		EDD7058524128DB90015EE32 /* Picture.m */ = {isa = PBXFileReference; lastKnownFileType = sourcecode.c.objc; path = Picture.m; sourceTree = "<group>"; };
		EDD7058724128E540015EE32 /* Location.h */ = {isa = PBXFileReference; lastKnownFileType = sourcecode.c.h; path = Location.h; sourceTree = "<group>"; };
		EDD7058824128E540015EE32 /* Location.m */ = {isa = PBXFileReference; lastKnownFileType = sourcecode.c.objc; path = Location.m; sourceTree = "<group>"; };
		EDD7058A2412BBD50015EE32 /* JSONParser.h */ = {isa = PBXFileReference; lastKnownFileType = sourcecode.c.h; path = JSONParser.h; sourceTree = "<group>"; };
		EDD7058B2412BBD50015EE32 /* JSONParser.m */ = {isa = PBXFileReference; lastKnownFileType = sourcecode.c.objc; path = JSONParser.m; sourceTree = "<group>"; };
		EDD7058E24142F060015EE32 /* NSURL+Query.h */ = {isa = PBXFileReference; lastKnownFileType = sourcecode.c.h; path = "NSURL+Query.h"; sourceTree = "<group>"; };
		EDD7058F24142F060015EE32 /* NSURL+Query.m */ = {isa = PBXFileReference; lastKnownFileType = sourcecode.c.objc; path = "NSURL+Query.m"; sourceTree = "<group>"; };
		EDE1D204240A9896009CFA60 /* StudentCell.h */ = {isa = PBXFileReference; lastKnownFileType = sourcecode.c.h; path = StudentCell.h; sourceTree = "<group>"; };
		EDE1D205240A9896009CFA60 /* StudentCell.m */ = {isa = PBXFileReference; lastKnownFileType = sourcecode.c.objc; path = StudentCell.m; sourceTree = "<group>"; };
/* End PBXFileReference section */

/* Begin PBXFrameworksBuildPhase section */
		ED884D79240A8C8400095134 /* Frameworks */ = {
			isa = PBXFrameworksBuildPhase;
			buildActionMask = 2147483647;
			files = (
			);
			runOnlyForDeploymentPostprocessing = 0;
		};
/* End PBXFrameworksBuildPhase section */

/* Begin PBXGroup section */
		ED5604D22414335900E00971 /* Protocols */ = {
			isa = PBXGroup;
			children = (
				ED5604D42414337400E00971 /* ViewControllerHelper.h */,
			);
			path = Protocols;
			sourceTree = "<group>";
		};
		ED5604D52414376600E00971 /* Shared */ = {
			isa = PBXGroup;
			children = (
				ED5604D62414377500E00971 /* Utility */,
				ED58201D2414F2650001FDC8 /* Network */,
				ED5604D22414335900E00971 /* Protocols */,
				EDD70571241279640015EE32 /* Models */,
				ED5604D8241437A800E00971 /* Views */,
			);
			path = Shared;
			sourceTree = "<group>";
		};
		ED5604D62414377500E00971 /* Utility */ = {
			isa = PBXGroup;
			children = (
				EDD7058D24142EC00015EE32 /* Categories */,
				ED5604D72414378400E00971 /* Errors */,
			);
			path = Utility;
			sourceTree = "<group>";
		};
		ED5604D72414378400E00971 /* Errors */ = {
			isa = PBXGroup;
			children = (
				EDD7057524127F990015EE32 /* NetworkError.h */,
				EDD7057624127F990015EE32 /* NetworkError.m */,
			);
			path = Errors;
			sourceTree = "<group>";
		};
		ED5604D8241437A800E00971 /* Views */ = {
			isa = PBXGroup;
			children = (
				ED884D88240A8C8400095134 /* Entry.storyboard */,
			);
			path = Views;
			sourceTree = "<group>";
		};
		ED5604D9241437C800E00971 /* Main */ = {
			isa = PBXGroup;
			children = (
				EDD70591241432190015EE32 /* Helpers */,
				EDD70570241279570015EE32 /* Network */,
				ED884DA8240A972700095134 /* Views */,
				ED884DA9240A973500095134 /* Controllers */,
			);
			path = Main;
			sourceTree = "<group>";
		};
		ED58201D2414F2650001FDC8 /* Network */ = {
			isa = PBXGroup;
			children = (
				ED58201E2414F2790001FDC8 /* Downloader.h */,
				ED58201F2414F2790001FDC8 /* Downloader.m */,
			);
			path = Network;
			sourceTree = "<group>";
		};
		ED58202E2416CA910001FDC8 /* Person */ = {
			isa = PBXGroup;
			children = (
				ED582037241828EB0001FDC8 /* Helpers */,
				ED58202F2416CABE0001FDC8 /* Views */,
				ED5820302416CAC30001FDC8 /* Controllers */,
			);
			path = Person;
			sourceTree = "<group>";
		};
		ED58202F2416CABE0001FDC8 /* Views */ = {
			isa = PBXGroup;
			children = (
				ED5820352416CC4A0001FDC8 /* PersonViewController.storyboard */,
			);
			path = Views;
			sourceTree = "<group>";
		};
		ED5820302416CAC30001FDC8 /* Controllers */ = {
			isa = PBXGroup;
			children = (
				ED5820322416CAE30001FDC8 /* PersonViewController.h */,
				ED5820332416CAE30001FDC8 /* PersonViewController.m */,
			);
			path = Controllers;
			sourceTree = "<group>";
		};
		ED582037241828EB0001FDC8 /* Helpers */ = {
			isa = PBXGroup;
			children = (
				ED58203E241834820001FDC8 /* PersonSetupHelper.h */,
				ED58203F241834820001FDC8 /* PersonSetupHelper.m */,
			);
			path = Helpers;
			sourceTree = "<group>";
		};
		ED884D73240A8C8400095134 = {
			isa = PBXGroup;
			children = (
				ED884D7E240A8C8400095134 /* StudentsBrowser */,
				ED884D7D240A8C8400095134 /* Products */,
			);
			sourceTree = "<group>";
		};
		ED884D7D240A8C8400095134 /* Products */ = {
			isa = PBXGroup;
			children = (
				ED884D7C240A8C8400095134 /* StudentsBrowser.app */,
			);
			name = Products;
			sourceTree = "<group>";
		};
		ED884D7E240A8C8400095134 /* StudentsBrowser */ = {
			isa = PBXGroup;
			children = (
				ED5604D52414376600E00971 /* Shared */,
				ED884D99240A91B100095134 /* Supporting files */,
				ED58202E2416CA910001FDC8 /* Person */,
				ED5604D9241437C800E00971 /* Main */,
			);
			path = StudentsBrowser;
			sourceTree = "<group>";
		};
		ED884D99240A91B100095134 /* Supporting files */ = {
			isa = PBXGroup;
			children = (
				ED884D9A240A91B100095134 /* AppDelegate.h */,
				ED884D9F240A91B100095134 /* AppDelegate.m */,
				ED884D9B240A91B100095134 /* Assets.xcassets */,
				ED884D9C240A91B100095134 /* LaunchScreen.storyboard */,
				ED884D9E240A91B100095134 /* main.m */,
				ED884DA0240A91B100095134 /* Info.plist */,
			);
			path = "Supporting files";
			sourceTree = "<group>";
		};
		ED884DA8240A972700095134 /* Views */ = {
			isa = PBXGroup;
			children = (
				ED58202C2416C9840001FDC8 /* MainViewController.storyboard */,
				EDE1D204240A9896009CFA60 /* StudentCell.h */,
				EDE1D205240A9896009CFA60 /* StudentCell.m */,
			);
			path = Views;
			sourceTree = "<group>";
		};
		ED884DA9240A973500095134 /* Controllers */ = {
			isa = PBXGroup;
			children = (
				ED884D85240A8C8400095134 /* MainViewController.h */,
				ED884D86240A8C8400095134 /* MainViewController.m */,
			);
			path = Controllers;
			sourceTree = "<group>";
		};
		EDD70570241279570015EE32 /* Network */ = {
			isa = PBXGroup;
			children = (
				ED58201A2414F2100001FDC8 /* ThumbnailDownloader.h */,
				ED58201B2414F2100001FDC8 /* ThumbnailDownloader.m */,
				EDD7058A2412BBD50015EE32 /* JSONParser.h */,
				EDD7058B2412BBD50015EE32 /* JSONParser.m */,
				EDD70572241279880015EE32 /* JSONDownloader.h */,
				EDD70573241279880015EE32 /* JSONDownloader.m */,
			);
			path = Network;
			sourceTree = "<group>";
		};
		EDD70571241279640015EE32 /* Models */ = {
			isa = PBXGroup;
			children = (
				EDD70578241287230015EE32 /* Person.h */,
				EDD70579241287230015EE32 /* Person.m */,
				EDD7057B241288C70015EE32 /* Gender.h */,
				EDD7057E24128AE20015EE32 /* FullName.h */,
				EDD7057F24128AE20015EE32 /* FullName.m */,
				EDD7058124128D3E0015EE32 /* Login.h */,
				EDD7058224128D3E0015EE32 /* Login.m */,
				EDD7058424128DB90015EE32 /* Picture.h */,
				EDD7058524128DB90015EE32 /* Picture.m */,
				EDD7058724128E540015EE32 /* Location.h */,
				EDD7058824128E540015EE32 /* Location.m */,
			);
			path = Models;
			sourceTree = "<group>";
		};
		EDD7058D24142EC00015EE32 /* Categories */ = {
			isa = PBXGroup;
			children = (
				ED582021241596530001FDC8 /* NSError+MakeUserInfo.h */,
				ED582022241596530001FDC8 /* NSError+MakeUserInfo.m */,
				ED58203B24182E700001FDC8 /* NSIndexPath+Flatten.h */,
				ED58203C24182E700001FDC8 /* NSIndexPath+Flatten.m */,
				EDD7058E24142F060015EE32 /* NSURL+Query.h */,
				EDD7058F24142F060015EE32 /* NSURL+Query.m */,
			);
			path = Categories;
			sourceTree = "<group>";
		};
		EDD70591241432190015EE32 /* Helpers */ = {
			isa = PBXGroup;
			children = (
				ED5604CF2414332A00E00971 /* MainTableViewHelper.h */,
				ED5604D02414332A00E00971 /* MainTableViewHelper.m */,
				ED5820412418386D0001FDC8 /* MainDataHelper.h */,
				ED5820422418386D0001FDC8 /* MainDataHelper.m */,
				ED582044241841550001FDC8 /* MainSearchHelper.h */,
				ED582045241841550001FDC8 /* MainSearchHelper.m */,
			);
			path = Helpers;
			sourceTree = "<group>";
		};
/* End PBXGroup section */

/* Begin PBXNativeTarget section */
		ED884D7B240A8C8400095134 /* StudentsBrowser */ = {
			isa = PBXNativeTarget;
			buildConfigurationList = ED884D95240A8C8600095134 /* Build configuration list for PBXNativeTarget "StudentsBrowser" */;
			buildPhases = (
				ED884D78240A8C8400095134 /* Sources */,
				ED884D79240A8C8400095134 /* Frameworks */,
				ED884D7A240A8C8400095134 /* Resources */,
			);
			buildRules = (
			);
			dependencies = (
			);
			name = StudentsBrowser;
			productName = StudentsBrowser;
			productReference = ED884D7C240A8C8400095134 /* StudentsBrowser.app */;
			productType = "com.apple.product-type.application";
		};
/* End PBXNativeTarget section */

/* Begin PBXProject section */
		ED884D74240A8C8400095134 /* Project object */ = {
			isa = PBXProject;
			attributes = {
				LastUpgradeCheck = 1130;
				ORGANIZATIONNAME = digitalby;
				TargetAttributes = {
					ED884D7B240A8C8400095134 = {
						CreatedOnToolsVersion = 11.3.1;
					};
				};
			};
			buildConfigurationList = ED884D77240A8C8400095134 /* Build configuration list for PBXProject "StudentsBrowser" */;
			compatibilityVersion = "Xcode 9.3";
			developmentRegion = en;
			hasScannedForEncodings = 0;
			knownRegions = (
				en,
				Base,
			);
			mainGroup = ED884D73240A8C8400095134;
			productRefGroup = ED884D7D240A8C8400095134 /* Products */;
			projectDirPath = "";
			projectRoot = "";
			targets = (
				ED884D7B240A8C8400095134 /* StudentsBrowser */,
			);
		};
/* End PBXProject section */

/* Begin PBXResourcesBuildPhase section */
		ED884D7A240A8C8400095134 /* Resources */ = {
			isa = PBXResourcesBuildPhase;
			buildActionMask = 2147483647;
			files = (
				ED58202D2416C9840001FDC8 /* MainViewController.storyboard in Resources */,
				ED5820362416CC4A0001FDC8 /* PersonViewController.storyboard in Resources */,
				ED884DA2240A91B100095134 /* LaunchScreen.storyboard in Resources */,
				ED884DA6240A924200095134 /* Assets.xcassets in Resources */,
				ED884DA7240A927B00095134 /* Entry.storyboard in Resources */,
			);
			runOnlyForDeploymentPostprocessing = 0;
		};
/* End PBXResourcesBuildPhase section */

/* Begin PBXSourcesBuildPhase section */
		ED884D78240A8C8400095134 /* Sources */ = {
			isa = PBXSourcesBuildPhase;
			buildActionMask = 2147483647;
			files = (
				ED884D87240A8C8400095134 /* MainViewController.m in Sources */,
				EDD7058024128AE20015EE32 /* FullName.m in Sources */,
				EDD7059024142F060015EE32 /* NSURL+Query.m in Sources */,
				EDD7058C2412BBD50015EE32 /* JSONParser.m in Sources */,
				EDD7057724127F990015EE32 /* NetworkError.m in Sources */,
				ED5820342416CAE30001FDC8 /* PersonViewController.m in Sources */,
				ED582040241834820001FDC8 /* PersonSetupHelper.m in Sources */,
				EDD7058324128D3E0015EE32 /* Login.m in Sources */,
				ED5820202414F2790001FDC8 /* Downloader.m in Sources */,
				EDD7058924128E540015EE32 /* Location.m in Sources */,
				ED582046241841550001FDC8 /* MainSearchHelper.m in Sources */,
				EDD7057A241287230015EE32 /* Person.m in Sources */,
				ED884DA3240A91B100095134 /* main.m in Sources */,
				EDD7058624128DB90015EE32 /* Picture.m in Sources */,
				ED884DA4240A91B100095134 /* AppDelegate.m in Sources */,
				ED58201C2414F2100001FDC8 /* ThumbnailDownloader.m in Sources */,
				EDD70574241279880015EE32 /* JSONDownloader.m in Sources */,
				ED5604D12414332A00E00971 /* MainTableViewHelper.m in Sources */,
				EDE1D206240A9896009CFA60 /* StudentCell.m in Sources */,
				ED582023241596530001FDC8 /* NSError+MakeUserInfo.m in Sources */,
				ED5820432418386D0001FDC8 /* MainDataHelper.m in Sources */,
				ED58203D24182E700001FDC8 /* NSIndexPath+Flatten.m in Sources */,
			);
			runOnlyForDeploymentPostprocessing = 0;
		};
/* End PBXSourcesBuildPhase section */

/* Begin PBXVariantGroup section */
		ED884D88240A8C8400095134 /* Entry.storyboard */ = {
			isa = PBXVariantGroup;
			children = (
				ED884D89240A8C8400095134 /* Base */,
			);
			name = Entry.storyboard;
			sourceTree = "<group>";
		};
		ED884D9C240A91B100095134 /* LaunchScreen.storyboard */ = {
			isa = PBXVariantGroup;
			children = (
				ED884D9D240A91B100095134 /* Base */,
			);
			name = LaunchScreen.storyboard;
			sourceTree = "<group>";
		};
/* End PBXVariantGroup section */

/* Begin XCBuildConfiguration section */
		ED884D93240A8C8600095134 /* Debug */ = {
			isa = XCBuildConfiguration;
			buildSettings = {
				ALWAYS_SEARCH_USER_PATHS = NO;
				ASSETCATALOG_COMPILER_LAUNCHIMAGE_NAME = "";
				CLANG_ANALYZER_NONNULL = YES;
				CLANG_ANALYZER_NUMBER_OBJECT_CONVERSION = YES_AGGRESSIVE;
				CLANG_CXX_LANGUAGE_STANDARD = "gnu++14";
				CLANG_CXX_LIBRARY = "libc++";
				CLANG_ENABLE_MODULES = YES;
				CLANG_ENABLE_OBJC_ARC = YES;
				CLANG_ENABLE_OBJC_WEAK = YES;
				CLANG_WARN_BLOCK_CAPTURE_AUTORELEASING = YES;
				CLANG_WARN_BOOL_CONVERSION = YES;
				CLANG_WARN_COMMA = YES;
				CLANG_WARN_CONSTANT_CONVERSION = YES;
				CLANG_WARN_DEPRECATED_OBJC_IMPLEMENTATIONS = YES;
				CLANG_WARN_DIRECT_OBJC_ISA_USAGE = YES_ERROR;
				CLANG_WARN_DOCUMENTATION_COMMENTS = YES;
				CLANG_WARN_EMPTY_BODY = YES;
				CLANG_WARN_ENUM_CONVERSION = YES;
				CLANG_WARN_INFINITE_RECURSION = YES;
				CLANG_WARN_INT_CONVERSION = YES;
				CLANG_WARN_NON_LITERAL_NULL_CONVERSION = YES;
				CLANG_WARN_OBJC_IMPLICIT_RETAIN_SELF = YES;
				CLANG_WARN_OBJC_LITERAL_CONVERSION = YES;
				CLANG_WARN_OBJC_ROOT_CLASS = YES_ERROR;
				CLANG_WARN_RANGE_LOOP_ANALYSIS = YES;
				CLANG_WARN_STRICT_PROTOTYPES = YES;
				CLANG_WARN_SUSPICIOUS_MOVE = YES;
				CLANG_WARN_UNGUARDED_AVAILABILITY = YES_AGGRESSIVE;
				CLANG_WARN_UNREACHABLE_CODE = YES;
				CLANG_WARN__DUPLICATE_METHOD_MATCH = YES;
				COPY_PHASE_STRIP = NO;
				DEBUG_INFORMATION_FORMAT = dwarf;
				ENABLE_STRICT_OBJC_MSGSEND = YES;
				ENABLE_TESTABILITY = YES;
				GCC_C_LANGUAGE_STANDARD = gnu11;
				GCC_DYNAMIC_NO_PIC = NO;
				GCC_NO_COMMON_BLOCKS = YES;
				GCC_OPTIMIZATION_LEVEL = 0;
				GCC_PREPROCESSOR_DEFINITIONS = (
					"DEBUG=1",
					"$(inherited)",
				);
				GCC_WARN_64_TO_32_BIT_CONVERSION = YES;
				GCC_WARN_ABOUT_RETURN_TYPE = YES_ERROR;
				GCC_WARN_UNDECLARED_SELECTOR = YES;
				GCC_WARN_UNINITIALIZED_AUTOS = YES_AGGRESSIVE;
				GCC_WARN_UNUSED_FUNCTION = YES;
				GCC_WARN_UNUSED_VARIABLE = YES;
				INFOPLIST_FILE = "";
				IPHONEOS_DEPLOYMENT_TARGET = 13.2;
				MTL_ENABLE_DEBUG_INFO = INCLUDE_SOURCE;
				MTL_FAST_MATH = YES;
				ONLY_ACTIVE_ARCH = YES;
				SDKROOT = iphoneos;
			};
			name = Debug;
		};
		ED884D94240A8C8600095134 /* Release */ = {
			isa = XCBuildConfiguration;
			buildSettings = {
				ALWAYS_SEARCH_USER_PATHS = NO;
				ASSETCATALOG_COMPILER_LAUNCHIMAGE_NAME = "";
				CLANG_ANALYZER_NONNULL = YES;
				CLANG_ANALYZER_NUMBER_OBJECT_CONVERSION = YES_AGGRESSIVE;
				CLANG_CXX_LANGUAGE_STANDARD = "gnu++14";
				CLANG_CXX_LIBRARY = "libc++";
				CLANG_ENABLE_MODULES = YES;
				CLANG_ENABLE_OBJC_ARC = YES;
				CLANG_ENABLE_OBJC_WEAK = YES;
				CLANG_WARN_BLOCK_CAPTURE_AUTORELEASING = YES;
				CLANG_WARN_BOOL_CONVERSION = YES;
				CLANG_WARN_COMMA = YES;
				CLANG_WARN_CONSTANT_CONVERSION = YES;
				CLANG_WARN_DEPRECATED_OBJC_IMPLEMENTATIONS = YES;
				CLANG_WARN_DIRECT_OBJC_ISA_USAGE = YES_ERROR;
				CLANG_WARN_DOCUMENTATION_COMMENTS = YES;
				CLANG_WARN_EMPTY_BODY = YES;
				CLANG_WARN_ENUM_CONVERSION = YES;
				CLANG_WARN_INFINITE_RECURSION = YES;
				CLANG_WARN_INT_CONVERSION = YES;
				CLANG_WARN_NON_LITERAL_NULL_CONVERSION = YES;
				CLANG_WARN_OBJC_IMPLICIT_RETAIN_SELF = YES;
				CLANG_WARN_OBJC_LITERAL_CONVERSION = YES;
				CLANG_WARN_OBJC_ROOT_CLASS = YES_ERROR;
				CLANG_WARN_RANGE_LOOP_ANALYSIS = YES;
				CLANG_WARN_STRICT_PROTOTYPES = YES;
				CLANG_WARN_SUSPICIOUS_MOVE = YES;
				CLANG_WARN_UNGUARDED_AVAILABILITY = YES_AGGRESSIVE;
				CLANG_WARN_UNREACHABLE_CODE = YES;
				CLANG_WARN__DUPLICATE_METHOD_MATCH = YES;
				COPY_PHASE_STRIP = NO;
				DEBUG_INFORMATION_FORMAT = "dwarf-with-dsym";
				ENABLE_NS_ASSERTIONS = NO;
				ENABLE_STRICT_OBJC_MSGSEND = YES;
				GCC_C_LANGUAGE_STANDARD = gnu11;
				GCC_NO_COMMON_BLOCKS = YES;
				GCC_WARN_64_TO_32_BIT_CONVERSION = YES;
				GCC_WARN_ABOUT_RETURN_TYPE = YES_ERROR;
				GCC_WARN_UNDECLARED_SELECTOR = YES;
				GCC_WARN_UNINITIALIZED_AUTOS = YES_AGGRESSIVE;
				GCC_WARN_UNUSED_FUNCTION = YES;
				GCC_WARN_UNUSED_VARIABLE = YES;
				INFOPLIST_FILE = "";
				IPHONEOS_DEPLOYMENT_TARGET = 13.2;
				MTL_ENABLE_DEBUG_INFO = NO;
				MTL_FAST_MATH = YES;
				SDKROOT = iphoneos;
				VALIDATE_PRODUCT = YES;
			};
			name = Release;
		};
		ED884D96240A8C8600095134 /* Debug */ = {
			isa = XCBuildConfiguration;
			buildSettings = {
				ASSETCATALOG_COMPILER_APPICON_NAME = AppIcon;
				ASSETCATALOG_COMPILER_LAUNCHIMAGE_NAME = "";
				CODE_SIGN_STYLE = Automatic;
				DEVELOPMENT_TEAM = KVZVUNQ279;
				INFOPLIST_FILE = "StudentsBrowser/Supporting files/Info.plist";
				IPHONEOS_DEPLOYMENT_TARGET = 13.0;
				LD_RUNPATH_SEARCH_PATHS = (
					"$(inherited)",
					"@executable_path/Frameworks",
				);
				PRODUCT_BUNDLE_IDENTIFIER = me.digitalby.StudentsBrowser;
				PRODUCT_NAME = "$(TARGET_NAME)";
				TARGETED_DEVICE_FAMILY = "1,2";
			};
			name = Debug;
		};
		ED884D97240A8C8600095134 /* Release */ = {
			isa = XCBuildConfiguration;
			buildSettings = {
				ASSETCATALOG_COMPILER_APPICON_NAME = AppIcon;
				ASSETCATALOG_COMPILER_LAUNCHIMAGE_NAME = "";
				CODE_SIGN_STYLE = Automatic;
				DEVELOPMENT_TEAM = KVZVUNQ279;
				INFOPLIST_FILE = "StudentsBrowser/Supporting files/Info.plist";
				IPHONEOS_DEPLOYMENT_TARGET = 13.0;
				LD_RUNPATH_SEARCH_PATHS = (
					"$(inherited)",
					"@executable_path/Frameworks",
				);
				PRODUCT_BUNDLE_IDENTIFIER = me.digitalby.StudentsBrowser;
				PRODUCT_NAME = "$(TARGET_NAME)";
				TARGETED_DEVICE_FAMILY = "1,2";
			};
			name = Release;
		};
/* End XCBuildConfiguration section */

/* Begin XCConfigurationList section */
		ED884D77240A8C8400095134 /* Build configuration list for PBXProject "StudentsBrowser" */ = {
			isa = XCConfigurationList;
			buildConfigurations = (
				ED884D93240A8C8600095134 /* Debug */,
				ED884D94240A8C8600095134 /* Release */,
			);
			defaultConfigurationIsVisible = 0;
			defaultConfigurationName = Release;
		};
		ED884D95240A8C8600095134 /* Build configuration list for PBXNativeTarget "StudentsBrowser" */ = {
			isa = XCConfigurationList;
			buildConfigurations = (
				ED884D96240A8C8600095134 /* Debug */,
				ED884D97240A8C8600095134 /* Release */,
			);
			defaultConfigurationIsVisible = 0;
			defaultConfigurationName = Release;
		};
/* End XCConfigurationList section */
	};
	rootObject = ED884D74240A8C8400095134 /* Project object */;
}
